{
    "_readme": [
        "This file locks the dependencies of your project to a known state",
        "Read more about it at http://getcomposer.org/doc/01-basic-usage.md#composer-lock-the-lock-file"
    ],
    "hash": "4cc29f6a3d55cbd4bc7d0494324c3307",
    "packages": [
        {
            "name": "composer/installers",
            "version": "v1.0.8",
            "source": {
                "type": "git",
                "url": "https://github.com/composer/installers.git",
                "reference": "c87cfc35882eb50df3eef1734bfa52fbcd6c782c"
            },
            "dist": {
                "type": "zip",
                "url": "https://api.github.com/repos/composer/installers/zipball/c87cfc35882eb50df3eef1734bfa52fbcd6c782c",
                "reference": "c87cfc35882eb50df3eef1734bfa52fbcd6c782c",
                "shasum": ""
            },
            "replace": {
                "shama/baton": "*"
            },
            "require-dev": {
                "composer/composer": "1.0.*@dev",
                "phpunit/phpunit": "3.7.*"
            },
            "type": "composer-installer",
            "extra": {
                "class": "Composer\\Installers\\Installer",
                "branch-alias": {
                    "dev-master": "1.0-dev"
                }
            },
            "autoload": {
                "psr-0": {
                    "Composer\\Installers\\": "src/"
                }
            },
            "notification-url": "https://packagist.org/downloads/",
            "license": [
                "MIT"
            ],
            "authors": [
                {
                    "name": "Kyle Robinson Young",
                    "email": "kyle@dontkry.com",
                    "homepage": "http://dontkry.com",
                    "role": "Developer"
                }
            ],
            "description": "A multi-framework Composer library installer",
            "homepage": "http://composer.github.com/installers/",
            "keywords": [
                "TYPO3 CMS",
                "TYPO3 Flow",
                "TYPO3 Neos",
                "agl",
                "cakephp",
                "codeigniter",
                "concrete5",
                "drupal",
                "elgg",
                "fuelphp",
                "installer",
                "joomla",
                "kohana",
                "laravel",
                "li3",
                "lithium",
                "mako",
                "modulework",
                "phpbb",
                "ppi",
                "silverstripe",
                "symfony",
                "wordpress",
                "zend"
            ],
            "time": "2013-12-24 18:04:46"
        },
        {
            "name": "kohana/core",
            "version": "v3.3.1",
            "source": {
                "type": "git",
                "url": "https://github.com/kohana/core.git",
                "reference": "06c8242ce73abce2a633944cb7b259f9ba861ef1"
            },
            "dist": {
                "type": "zip",
                "url": "https://api.github.com/repos/kohana/core/zipball/06c8242ce73abce2a633944cb7b259f9ba861ef1",
                "reference": "06c8242ce73abce2a633944cb7b259f9ba861ef1",
                "shasum": ""
            },
            "require": {
                "php": ">=5.3.3"
            },
            "suggest": {
                "ext-curl": "*",
                "ext-http": "*",
                "ext-mcrypt": "*"
            },
            "type": "library",
            "extra": {
                "branch-alias": {
                    "dev-3.3/develop": "3.3.x-dev",
                    "dev-3.4/develop": "3.4.x-dev"
                }
            },
            "notification-url": "https://packagist.org/downloads/",
            "license": [
                "BSD-3-Clause"
            ],
            "authors": [
                {
                    "name": "Kohana Team",
                    "email": "team@kohanaframework.org",
                    "homepage": "http://kohanaframework.org/team",
                    "role": "developer"
                }
            ],
            "description": "Core system classes for the Kohana application framework",
            "homepage": "http://kohanaframework.org",
            "keywords": [
                "framework",
                "kohana"
            ],
            "time": "2013-09-01 06:49:40"
        },
        {
            "name": "kohana/database",
            "version": "v3.3.1",
            "source": {
                "type": "git",
                "url": "https://github.com/kohana/database.git",
                "reference": "3d7a7cdf00aabf25b6eed46f4ea45917adaecbc8"
            },
            "dist": {
                "type": "zip",
                "url": "https://api.github.com/repos/kohana/database/zipball/3d7a7cdf00aabf25b6eed46f4ea45917adaecbc8",
                "reference": "3d7a7cdf00aabf25b6eed46f4ea45917adaecbc8",
                "shasum": ""
            },
            "require": {
                "composer/installers": "~1.0",
                "kohana/core": ">=3.3",
                "php": ">=5.3.3"
            },
            "suggest": {
                "ext-mysql": "*",
                "ext-pdo": "*"
            },
            "type": "kohana-module",
            "extra": {
                "branch-alias": {
                    "dev-3.3/develop": "3.3.x-dev",
                    "dev-3.4/develop": "3.4.x-dev"
                }
            },
            "notification-url": "https://packagist.org/downloads/",
            "license": [
                "BSD-3-Clause"
            ],
            "authors": [
                {
                    "name": "Kohana Team",
                    "email": "team@kohanaframework.org",
                    "homepage": "http://kohanaframework.org/team",
                    "role": "developer"
                }
            ],
            "description": "The official Kohana module for database interactions, building queries, and prepared statements",
            "homepage": "http://kohanaframework.org",
            "keywords": [
                "database",
                "framework",
                "kohana"
            ],
            "time": "2013-08-26 02:07:34"
        },
        {
            "name": "kohana/image",
            "version": "v3.3.1",
            "source": {
                "type": "git",
                "url": "https://github.com/kohana/image.git",
                "reference": "57acf4af58ed9d7f20d0cdd8502f54efefc138d0"
            },
            "dist": {
                "type": "zip",
                "url": "https://api.github.com/repos/kohana/image/zipball/57acf4af58ed9d7f20d0cdd8502f54efefc138d0",
                "reference": "57acf4af58ed9d7f20d0cdd8502f54efefc138d0",
                "shasum": ""
            },
            "require": {
                "composer/installers": "~1.0",
                "kohana/core": ">=3.3",
                "php": ">=5.3.3"
            },
            "suggest": {
                "ext-gd": "*"
            },
            "type": "kohana-module",
            "extra": {
                "branch-alias": {
                    "dev-3.3/develop": "3.3.x-dev",
                    "dev-3.4/develop": "3.4.x-dev"
                }
            },
            "notification-url": "https://packagist.org/downloads/",
            "license": [
                "BSD-3-Clause"
            ],
            "authors": [
                {
                    "name": "Kohana Team",
                    "email": "team@kohanaframework.org",
                    "homepage": "http://kohanaframework.org/team",
                    "role": "developer"
                }
            ],
            "description": "The official Kohana module for manipulating images",
            "homepage": "http://kohanaframework.org",
            "keywords": [
                "framework",
                "image",
                "kohana"
            ],
            "time": "2013-08-26 02:09:02"
        },
        {
            "name": "kohana/minion",
            "version": "v3.3.1",
            "source": {
                "type": "git",
                "url": "https://github.com/kohana/minion.git",
                "reference": "cfa623256287ff664bc72372caad02fe2f8a145b"
            },
            "dist": {
                "type": "zip",
                "url": "https://api.github.com/repos/kohana/minion/zipball/cfa623256287ff664bc72372caad02fe2f8a145b",
                "reference": "cfa623256287ff664bc72372caad02fe2f8a145b",
                "shasum": ""
            },
            "require": {
                "composer/installers": "~1.0",
                "kohana/core": ">=3.3",
                "php": ">=5.3.3"
            },
            "type": "kohana-module",
            "extra": {
                "branch-alias": {
                    "dev-3.3/develop": "3.3.x-dev",
                    "dev-3.4/develop": "3.4.x-dev"
                }
            },
            "notification-url": "https://packagist.org/downloads/",
            "license": [
                "BSD-3-Clause"
            ],
            "authors": [
                {
                    "name": "Kohana Team",
                    "email": "team@kohanaframework.org",
                    "homepage": "http://kohanaframework.org/team",
                    "role": "developer"
                }
            ],
            "description": "The official kohana module for running tasks via the CLI",
            "homepage": "http://kohanaframework.org",
            "keywords": [
                "framework",
                "kohana",
                "task"
            ],
            "time": "2013-08-26 02:09:55"
        },
        {
            "name": "kohana/orm",
            "version": "v3.3.1",
            "source": {
                "type": "git",
                "url": "https://github.com/kohana/orm.git",
                "reference": "a2d02bb9f6b367cab971c9a775a63c7b11d3191a"
            },
            "dist": {
                "type": "zip",
                "url": "https://api.github.com/repos/kohana/orm/zipball/a2d02bb9f6b367cab971c9a775a63c7b11d3191a",
                "reference": "a2d02bb9f6b367cab971c9a775a63c7b11d3191a",
                "shasum": ""
            },
            "require": {
                "composer/installers": "~1.0",
                "kohana/core": ">=3.3",
                "kohana/database": ">=3.3",
                "php": ">=5.3.3"
            },
            "type": "kohana-module",
            "extra": {
                "branch-alias": {
                    "dev-3.3/develop": "3.3.x-dev",
                    "dev-3.4/develop": "3.4.x-dev"
                }
            },
            "notification-url": "https://packagist.org/downloads/",
            "license": [
                "BSD-3-Clause"
            ],
            "authors": [
                {
                    "name": "Kohana Team",
                    "email": "team@kohanaframework.org",
                    "homepage": "http://kohanaframework.org/team",
                    "role": "developer"
                }
            ],
            "description": "The official Kohana ORM module",
            "homepage": "http://kohanaframework.org",
            "keywords": [
                "database",
                "framework",
                "kohana",
                "orm"
            ],
            "time": "2013-08-26 02:10:46"
        }
    ],
    "packages-dev": [

    ],
    "aliases": [

    ],
    "minimum-stability": "stable",
    "stability-flags": [

    ],
    "platform": {
        "php": ">=5.3"
    },
    "platform-dev": [

    ]
}
